# This file is automatically @generated by Poetry and should not be changed by hand.

[[package]]
name = "autopep8"
version = "2.0.1"
description = "A tool that automatically formats Python code to conform to the PEP 8 style guide"
category = "dev"
optional = false
python-versions = ">=3.6"
files = [
    {file = "autopep8-2.0.1-py2.py3-none-any.whl", hash = "sha256:be5bc98c33515b67475420b7b1feafc8d32c1a69862498eda4983b45bffd2687"},
    {file = "autopep8-2.0.1.tar.gz", hash = "sha256:d27a8929d8dcd21c0f4b3859d2d07c6c25273727b98afc984c039df0f0d86566"},
]

[package.dependencies]
pycodestyle = ">=2.10.0"
tomli = {version = "*", markers = "python_version < \"3.11\""}

[[package]]
name = "base58"
version = "2.1.1"
description = "Base58 and Base58Check implementation."
category = "main"
optional = false
python-versions = ">=3.5"
files = [
    {file = "base58-2.1.1-py3-none-any.whl", hash = "sha256:11a36f4d3ce51dfc1043f3218591ac4eb1ceb172919cebe05b52a5bcc8d245c2"},
    {file = "base58-2.1.1.tar.gz", hash = "sha256:c5d0cb3f5b6e81e8e35da5754388ddcc6d0d14b6c6a132cb93d69ed580a7278c"},
]

[package.extras]
tests = ["PyHamcrest (>=2.0.2)", "mypy", "pytest (>=4.6)", "pytest-benchmark", "pytest-cov", "pytest-flake8"]

[[package]]
name = "bech32"
version = "1.2.0"
description = "Reference implementation for Bech32 and segwit addresses."
category = "main"
optional = false
python-versions = ">=3.5"
files = [
    {file = "bech32-1.2.0-py3-none-any.whl", hash = "sha256:990dc8e5a5e4feabbdf55207b5315fdd9b73db40be294a19b3752cde9e79d981"},
    {file = "bech32-1.2.0.tar.gz", hash = "sha256:7d6db8214603bd7871fcfa6c0826ef68b85b0abd90fa21c285a9c5e21d2bd899"},
]

[[package]]
name = "pycodestyle"
version = "2.10.0"
description = "Python style guide checker"
category = "dev"
optional = false
python-versions = ">=3.6"
files = [
    {file = "pycodestyle-2.10.0-py2.py3-none-any.whl", hash = "sha256:8a4eaf0d0495c7395bdab3589ac2db602797d76207242c17d470186815706610"},
    {file = "pycodestyle-2.10.0.tar.gz", hash = "sha256:347187bdb476329d98f695c213d7295a846d1152ff4fe9bacb8a9590b8ee7053"},
]

[[package]]
name = "ripemd-hash"
version = "1.0.0"
description = "Ripemd library for Python"
category = "main"
optional = false
python-versions = ">=3.5"
files = [
    {file = "ripemd-hash-1.0.0.tar.gz", hash = "sha256:61e0fb54c13a28cf38d75b66c71058292c955d7c96b4514c6bd5840e08a49ec7"},
    {file = "ripemd_hash-1.0.0-cp39-cp39-manylinux_2_17_x86_64.manylinux2014_x86_64.whl", hash = "sha256:ec798dae399c16f9b2bbf63ce157997a1c52ab22b2b9418b275201b13554e109"},
]

[[package]]
name = "tomli"
version = "2.0.1"
description = "A lil' TOML parser"
category = "dev"
optional = false
python-versions = ">=3.7"
files = [
    {file = "tomli-2.0.1-py3-none-any.whl", hash = "sha256:939de3e7a6161af0c887ef91b7d41a53e7c5a1ca976325f429cb46ea9bc30ecc"},
    {file = "tomli-2.0.1.tar.gz", hash = "sha256:de526c12914f0c550d15924c62d72abc48d6fe7364aa87328337a31007fe8a4f"},
]

[metadata]
lock-version = "2.0"
python-versions = "^3.10"
content-hash = "b7bcd870f8cbf800034387e5db30bf9579bb9a2e8644e1fd4d03082efbf11ee3"
